{
  "name": "fe-admin",
  "version": "0.1.0",
  "lockfileVersion": 3,
  "requires": true,
  "packages": {
    "": {
      "name": "fe-admin",
      "version": "0.1.0",
      "dependencies": {
        "@googlemaps/markerclusterer": "^2.5.3",
        "@vis.gl/react-google-maps": "^1.5.5",
        "clsx": "^2.1.1",
        "firebase": "^11.6.1",
        "lucide-react": "^1.8.0",
        "next": "16.2.4",
        "qrcode.react": "^4.2.0",
        "react": "19.2.4",
        "react-dom": "19.2.4",
        "recharts": "^3.8.1",
        "swr": "^2.4.1",
        "tailwind-merge": "^3.5.0"
      },
      "devDependencies": {
        "@tailwindcss/postcss": "^4",
        "@types/google.maps": "^3.58.1",
        "@types/node": "^20",
        "@types/react": "^19",
        "@types/react-dom": "^19",
        "eslint": "^9",
        "eslint-config-next": "16.2.4",
        "tailwindcss": "^4",
        "typescript": "^5"
      }
    },
    "node_modules/@googlemaps/markerclusterer": {
      "version": "2.5.3",
      "resolved": "https://registry.npmjs.org/@googlemaps/markerclusterer/-/markerclusterer-2.5.3.tgz",
      "integrity": "sha512-h8HGn9PsJHt8XRHjzBiJRghXu9bEDRAqm+Y3Qw8RX/8/4nEZ46LCe3KzYShvNz0hFk0YHVl+EZ8C0rvqYqJuCQ==",
      "dependencies": {
        "@googlemaps/js-api-loader": "^1.16.2",
        "@types/geojson": "^7946.0.7",
        "fast-equals": "^5.0.0",
        "supercluster": "^8.0.0"
      }
    },
    "node_modules/@googlemaps/js-api-loader": {
      "version": "1.16.2",
      "resolved": "https://registry.npmjs.org/@googlemaps/js-api-loader/-/js-api-loader-1.16.2.tgz",
      "integrity": "sha512-5N3zcIMHcQFH2xXvIQEPJDhSvbm9rZa/gYxTQZqyMVBOJPLGl6SBo9sR0c4t6xLWZXf5IQYdNYkYwDXnXd/mEA=="
    },
    "node_modules/@types/geojson": {
      "version": "7946.0.16",
      "resolved": "https://registry.npmjs.org/@types/geojson/-/geojson-7946.0.16.tgz",
      "integrity": "sha512-kq0d5e97z4KvhAFWL5x7pKmKKH8v3D5q2RZMuBhDPU5FCE5x3wE6P5E0qGMZVd7hjLqeXCpMNHx5hCmyEp1aEg=="
    },
    "node_modules/fast-equals": {
      "version": "5.4.0",
      "resolved": "https://registry.npmjs.org/fast-equals/-/fast-equals-5.4.0.tgz",
      "integrity": "sha512-XqEsxHBHbgVLK7H5G7pYL0VQEaVDEr3Qp3FPt8bBTxXhEk9HeH9v8wSkCjY4SPkQj0bwmfyC3VBu0JOqW5oW+w=="
    },
    "node_modules/kdbush": {
      "version": "4.1.0",
      "resolved": "https://registry.npmjs.org/kdbush/-/kdbush-4.1.0.tgz",
      "integrity": "sha512-Q5XdtBfXJhyEQjULnK5SsFLZ8sRLRKPYMPvpK4pLLrBUqxkZc/uNaVSZN3C0gS5X34rV8Ib4L5WUydSMuPW3Lw=="
    },
    "node_modules/supercluster": {
      "version": "8.0.1",
      "resolved": "https://registry.npmjs.org/supercluster/-/supercluster-8.0.1.tgz",
      "integrity": "sha512-2h6y/Qqv0kcS+AqKBvvvLNBsF5z7s4cQMg3vvVaXbShAHmI4FFIQEGvzWKVMI7OLKm8baSF4OQvSjqCXPqjRQ==",
      "dependencies": {
        "kdbush": "^4.1.0"
      }
    }
  }
}
